
Microsoft Visual Studio Solution File, Format Version 12.00
# Visual Studio Version 17
VisualStudioVersion = 17.0.31903.59
MinimumVisualStudioVersion = 10.0.40219.1
Project("{2150E333-8FDC-42A3-9474-1A3956D46DE8}") = "src", "src", "{827E0CD3-B72D-47B6-A68D-7590B98EB39B}"
EndProject
Project("{FAE04EC0-301F-11D3-BF4B-00C04F79EFBC}") = "Erp.Api", "src\Erp.Api\Erp.Api.csproj", "{609D9FCD-2428-4DCF-8DAA-44435DF9FE51}"
EndProject
Project("{FAE04EC0-301F-11D3-BF4B-00C04F79EFBC}") = "Erp.Domain", "src\Erp.Domain\Erp.Domain.csproj", "{1EB7AD01-9F54-4F76-9709-748684F50EC4}"
EndProject
Project("{FAE04EC0-301F-11D3-BF4B-00C04F79EFBC}") = "Erp.Application", "src\Erp.Application\Erp.Application.csproj", "{4B6AF8FA-30E9-4EEF-B430-1E1041BF9D16}"
EndProject
Project("{FAE04EC0-301F-11D3-BF4B-00C04F79EFBC}") = "Erp.Infrastructure", "src\Erp.Infrastructure\Erp.Infrastructure.csproj", "{697B659B-BD19-47F2-8D78-FFDD45C2D71F}"
EndProject
Project("{FAE04EC0-301F-11D3-BF4B-00C04F79EFBC}") = "Erp.UnitTests", "tests\Erp.UnitTests\Erp.UnitTests.csproj", "{C9221956-1C87-48DA-9089-B9AD92759C05}"
EndProject
Global
	GlobalSection(SolutionConfigurationPlatforms) = preSolution
		Debug|Any CPU = Debug|Any CPU
		Debug|x64 = Debug|x64
		Debug|x86 = Debug|x86
		Release|Any CPU = Release|Any CPU
		Release|x64 = Release|x64
		Release|x86 = Release|x86
	EndGlobalSection
	GlobalSection(ProjectConfigurationPlatforms) = postSolution
		{609D9FCD-2428-4DCF-8DAA-44435DF9FE51}.Debug|Any CPU.ActiveCfg = Debug|Any CPU
		{609D9FCD-2428-4DCF-8DAA-44435DF9FE51}.Debug|Any CPU.Build.0 = Debug|Any CPU
		{609D9FCD-2428-4DCF-8DAA-44435DF9FE51}.Debug|x64.ActiveCfg = Debug|Any CPU
		{609D9FCD-2428-4DCF-8DAA-44435DF9FE51}.Debug|x64.Build.0 = Debug|Any CPU
		{609D9FCD-2428-4DCF-8DAA-44435DF9FE51}.Debug|x86.ActiveCfg = Debug|Any CPU
		{609D9FCD-2428-4DCF-8DAA-44435DF9FE51}.Debug|x86.Build.0 = Debug|Any CPU
		{609D9FCD-2428-4DCF-8DAA-44435DF9FE51}.Release|Any CPU.ActiveCfg = Release|Any CPU
		{609D9FCD-2428-4DCF-8DAA-44435DF9FE51}.Release|Any CPU.Build.0 = Release|Any CPU
		{609D9FCD-2428-4DCF-8DAA-44435DF9FE51}.Release|x64.ActiveCfg = Release|Any CPU
		{609D9FCD-2428-4DCF-8DAA-44435DF9FE51}.Release|x64.Build.0 = Release|Any CPU
		{609D9FCD-2428-4DCF-8DAA-44435DF9FE51}.Release|x86.ActiveCfg = Release|Any CPU
		{609D9FCD-2428-4DCF-8DAA-44435DF9FE51}.Release|x86.Build.0 = Release|Any CPU
		{1EB7AD01-9F54-4F76-9709-748684F50EC4}.Debug|Any CPU.ActiveCfg = Debug|Any CPU
		{1EB7AD01-9F54-4F76-9709-748684F50EC4}.Debug|Any CPU.Build.0 = Debug|Any CPU
		{1EB7AD01-9F54-4F76-9709-748684F50EC4}.Debug|x64.ActiveCfg = Debug|Any CPU
		{1EB7AD01-9F54-4F76-9709-748684F50EC4}.Debug|x64.Build.0 = Debug|Any CPU
		{1EB7AD01-9F54-4F76-9709-748684F50EC4}.Debug|x86.ActiveCfg = Debug|Any CPU
		{1EB7AD01-9F54-4F76-9709-748684F50EC4}.Debug|x86.Build.0 = Debug|Any CPU
		{1EB7AD01-9F54-4F76-9709-748684F50EC4}.Release|Any CPU.ActiveCfg = Release|Any CPU
		{1EB7AD01-9F54-4F76-9709-748684F50EC4}.Release|Any CPU.Build.0 = Release|Any CPU
		{1EB7AD01-9F54-4F76-9709-748684F50EC4}.Release|x64.ActiveCfg = Release|Any CPU
		{1EB7AD01-9F54-4F76-9709-748684F50EC4}.Release|x64.Build.0 = Release|Any CPU
		{1EB7AD01-9F54-4F76-9709-748684F50EC4}.Release|x86.ActiveCfg = Release|Any CPU
		{1EB7AD01-9F54-4F76-9709-748684F50EC4}.Release|x86.Build.0 = Release|Any CPU
		{4B6AF8FA-30E9-4EEF-B430-1E1041BF9D16}.Debug|Any CPU.ActiveCfg = Debug|Any CPU
		{4B6AF8FA-30E9-4EEF-B430-1E1041BF9D16}.Debug|Any CPU.Build.0 = Debug|Any CPU
		{4B6AF8FA-30E9-4EEF-B430-1E1041BF9D16}.Debug|x64.ActiveCfg = Debug|Any CPU
		{4B6AF8FA-30E9-4EEF-B430-1E1041BF9D16}.Debug|x64.Build.0 = Debug|Any CPU
		{4B6AF8FA-30E9-4EEF-B430-1E1041BF9D16}.Debug|x86.ActiveCfg = Debug|Any CPU
		{4B6AF8FA-30E9-4EEF-B430-1E1041BF9D16}.Debug|x86.Build.0 = Debug|Any CPU
		{4B6AF8FA-30E9-4EEF-B430-1E1041BF9D16}.Release|Any CPU.ActiveCfg = Release|Any CPU
		{4B6AF8FA-30E9-4EEF-B430-1E1041BF9D16}.Release|Any CPU.Build.0 = Release|Any CPU
		{4B6AF8FA-30E9-4EEF-B430-1E1041BF9D16}.Release|x64.ActiveCfg = Release|Any CPU
		{4B6AF8FA-30E9-4EEF-B430-1E1041BF9D16}.Release|x64.Build.0 = Release|Any CPU
		{4B6AF8FA-30E9-4EEF-B430-1E1041BF9D16}.Release|x86.ActiveCfg = Release|Any CPU
		{4B6AF8FA-30E9-4EEF-B430-1E1041BF9D16}.Release|x86.Build.0 = Release|Any CPU
		{697B659B-BD19-47F2-8D78-FFDD45C2D71F}.Debug|Any CPU.ActiveCfg = Debug|Any CPU
		{697B659B-BD19-47F2-8D78-FFDD45C2D71F}.Debug|Any CPU.Build.0 = Debug|Any CPU
		{697B659B-BD19-47F2-8D78-FFDD45C2D71F}.Debug|x64.ActiveCfg = Debug|Any CPU
		{697B659B-BD19-47F2-8D78-FFDD45C2D71F}.Debug|x64.Build.0 = Debug|Any CPU
		{697B659B-BD19-47F2-8D78-FFDD45C2D71F}.Debug|x86.ActiveCfg = Debug|Any CPU
		{697B659B-BD19-47F2-8D78-FFDD45C2D71F}.Debug|x86.Build.0 = Debug|Any CPU
		{697B659B-BD19-47F2-8D78-FFDD45C2D71F}.Release|Any CPU.ActiveCfg = Release|Any CPU
		{697B659B-BD19-47F2-8D78-FFDD45C2D71F}.Release|Any CPU.Build.0 = Release|Any CPU
		{697B659B-BD19-47F2-8D78-FFDD45C2D71F}.Release|x64.ActiveCfg = Release|Any CPU
		{697B659B-BD19-47F2-8D78-FFDD45C2D71F}.Release|x64.Build.0 = Release|Any CPU
		{697B659B-BD19-47F2-8D78-FFDD45C2D71F}.Release|x86.ActiveCfg = Release|Any CPU
		{697B659B-BD19-47F2-8D78-FFDD45C2D71F}.Release|x86.Build.0 = Release|Any CPU
		{C9221956-1C87-48DA-9089-B9AD92759C05}.Debug|Any CPU.ActiveCfg = Debug|Any CPU
		{C9221956-1C87-48DA-9089-B9AD92759C05}.Debug|Any CPU.Build.0 = Debug|Any CPU
		{C9221956-1C87-48DA-9089-B9AD92759C05}.Debug|x64.ActiveCfg = Debug|Any CPU
		{C9221956-1C87-48DA-9089-B9AD92759C05}.Debug|x64.Build.0 = Debug|Any CPU
		{C9221956-1C87-48DA-9089-B9AD92759C05}.Debug|x86.ActiveCfg = Debug|Any CPU
		{C9221956-1C87-48DA-9089-B9AD92759C05}.Debug|x86.Build.0 = Debug|Any CPU
		{C9221956-1C87-48DA-9089-B9AD92759C05}.Release|Any CPU.ActiveCfg = Release|Any CPU
		{C9221956-1C87-48DA-9089-B9AD92759C05}.Release|Any CPU.Build.0 = Release|Any CPU
		{C9221956-1C87-48DA-9089-B9AD92759C05}.Release|x64.ActiveCfg = Release|Any CPU
		{C9221956-1C87-48DA-9089-B9AD92759C05}.Release|x64.Build.0 = Release|Any CPU
		{C9221956-1C87-48DA-9089-B9AD92759C05}.Release|x86.ActiveCfg = Release|Any CPU
		{C9221956-1C87-48DA-9089-B9AD92759C05}.Release|x86.Build.0 = Release|Any CPU
	EndGlobalSection
	GlobalSection(SolutionProperties) = preSolution
		HideSolutionNode = FALSE
	EndGlobalSection
	GlobalSection(NestedProjects) = preSolution
		{609D9FCD-2428-4DCF-8DAA-44435DF9FE51} = {827E0CD3-B72D-47B6-A68D-7590B98EB39B}
		{1EB7AD01-9F54-4F76-9709-748684F50EC4} = {827E0CD3-B72D-47B6-A68D-7590B98EB39B}
		{4B6AF8FA-30E9-4EEF-B430-1E1041BF9D16} = {827E0CD3-B72D-47B6-A68D-7590B98EB39B}
		{697B659B-BD19-47F2-8D78-FFDD45C2D71F} = {827E0CD3-B72D-47B6-A68D-7590B98EB39B}
		{C9221956-1C87-48DA-9089-B9AD92759C05} = {827E0CD3-B72D-47B6-A68D-7590B98EB39B}
	EndGlobalSection
EndGlobal
